
Microsoft Visual Studio Solution File, Format Version 12.00
# Visual Studio Version 17
VisualStudioVersion = 17.0.31903.59
MinimumVisualStudioVersion = 10.0.40219.1
Project("{FAE04EC0-301F-11D3-BF4B-00C04F79EFBC}") = "FileManagementSystem.Domain", "FileManagementSystem.Domain\FileManagementSystem.Domain.csproj", "{B348C5B2-BBC7-486F-B6E1-E3ADC0591585}"
EndProject
Project("{FAE04EC0-301F-11D3-BF4B-00C04F79EFBC}") = "FileManagementSystem.Application", "FileManagementSystem.Application\FileManagementSystem.Application.csproj", "{D09974F8-5163-4653-91A9-A8116A018F76}"
EndProject
Project("{FAE04EC0-301F-11D3-BF4B-00C04F79EFBC}") = "FileManagementSystem.Infrastructure", "FileManagementSystem.Infrastructure\FileManagementSystem.Infrastructure.csproj", "{644C29DB-FF52-4660-A51F-6F3F5F7551E5}"
EndProject
Project("{FAE04EC0-301F-11D3-BF4B-00C04F79EFBC}") = "FileManagementSystem.Presentation", "FileManagementSystem.Presentation\FileManagementSystem.Presentation.csproj", "{197123E0-FFB8-4DF0-A85D-B791233A6872}"
EndProject
Project("{FAE04EC0-301F-11D3-BF4B-00C04F79EFBC}") = "FileManagementSystem.Tests", "FileManagementSystem.Tests\FileManagementSystem.Tests.csproj", "{4D30AFF7-79A7-4B6C-B1AE-192AB19FF366}"
EndProject
Project("{FAE04EC0-301F-11D3-BF4B-00C04F79EFBC}") = "FileManagementSystem.API", "FileManagementSystem.API\FileManagementSystem.API.csproj", "{2955ABE2-A3B6-4365-BDD4-3E066F9C8C22}"
EndProject
Global
	GlobalSection(SolutionConfigurationPlatforms) = preSolution
		Debug|Any CPU = Debug|Any CPU
		Debug|x64 = Debug|x64
		Debug|x86 = Debug|x86
		Release|Any CPU = Release|Any CPU
		Release|x64 = Release|x64
		Release|x86 = Release|x86
	EndGlobalSection
	GlobalSection(ProjectConfigurationPlatforms) = postSolution
		{B348C5B2-BBC7-486F-B6E1-E3ADC0591585}.Debug|Any CPU.ActiveCfg = Debug|Any CPU
		{B348C5B2-BBC7-486F-B6E1-E3ADC0591585}.Debug|Any CPU.Build.0 = Debug|Any CPU
		{B348C5B2-BBC7-486F-B6E1-E3ADC0591585}.Debug|x64.ActiveCfg = Debug|Any CPU
		{B348C5B2-BBC7-486F-B6E1-E3ADC0591585}.Debug|x64.Build.0 = Debug|Any CPU
		{B348C5B2-BBC7-486F-B6E1-E3ADC0591585}.Debug|x86.ActiveCfg = Debug|Any CPU
		{B348C5B2-BBC7-486F-B6E1-E3ADC0591585}.Debug|x86.Build.0 = Debug|Any CPU
		{B348C5B2-BBC7-486F-B6E1-E3ADC0591585}.Release|Any CPU.ActiveCfg = Release|Any CPU
		{B348C5B2-BBC7-486F-B6E1-E3ADC0591585}.Release|Any CPU.Build.0 = Release|Any CPU
		{B348C5B2-BBC7-486F-B6E1-E3ADC0591585}.Release|x64.ActiveCfg = Release|Any CPU
		{B348C5B2-BBC7-486F-B6E1-E3ADC0591585}.Release|x64.Build.0 = Release|Any CPU
		{B348C5B2-BBC7-486F-B6E1-E3ADC0591585}.Release|x86.ActiveCfg = Release|Any CPU
		{B348C5B2-BBC7-486F-B6E1-E3ADC0591585}.Release|x86.Build.0 = Release|Any CPU
		{D09974F8-5163-4653-91A9-A8116A018F76}.Debug|Any CPU.ActiveCfg = Debug|Any CPU
		{D09974F8-5163-4653-91A9-A8116A018F76}.Debug|Any CPU.Build.0 = Debug|Any CPU
		{D09974F8-5163-4653-91A9-A8116A018F76}.Debug|x64.ActiveCfg = Debug|Any CPU
		{D09974F8-5163-4653-91A9-A8116A018F76}.Debug|x64.Build.0 = Debug|Any CPU
		{D09974F8-5163-4653-91A9-A8116A018F76}.Debug|x86.ActiveCfg = Debug|Any CPU
		{D09974F8-5163-4653-91A9-A8116A018F76}.Debug|x86.Build.0 = Debug|Any CPU
		{D09974F8-5163-4653-91A9-A8116A018F76}.Release|Any CPU.ActiveCfg = Release|Any CPU
		{D09974F8-5163-4653-91A9-A8116A018F76}.Release|Any CPU.Build.0 = Release|Any CPU
		{D09974F8-5163-4653-91A9-A8116A018F76}.Release|x64.ActiveCfg = Release|Any CPU
		{D09974F8-5163-4653-91A9-A8116A018F76}.Release|x64.Build.0 = Release|Any CPU
		{D09974F8-5163-4653-91A9-A8116A018F76}.Release|x86.ActiveCfg = Release|Any CPU
		{D09974F8-5163-4653-91A9-A8116A018F76}.Release|x86.Build.0 = Release|Any CPU
		{644C29DB-FF52-4660-A51F-6F3F5F7551E5}.Debug|Any CPU.ActiveCfg = Debug|Any CPU
		{644C29DB-FF52-4660-A51F-6F3F5F7551E5}.Debug|Any CPU.Build.0 = Debug|Any CPU
		{644C29DB-FF52-4660-A51F-6F3F5F7551E5}.Debug|x64.ActiveCfg = Debug|Any CPU
		{644C29DB-FF52-4660-A51F-6F3F5F7551E5}.Debug|x64.Build.0 = Debug|Any CPU
		{644C29DB-FF52-4660-A51F-6F3F5F7551E5}.Debug|x86.ActiveCfg = Debug|Any CPU
		{644C29DB-FF52-4660-A51F-6F3F5F7551E5}.Debug|x86.Build.0 = Debug|Any CPU
		{644C29DB-FF52-4660-A51F-6F3F5F7551E5}.Release|Any CPU.ActiveCfg = Release|Any CPU
		{644C29DB-FF52-4660-A51F-6F3F5F7551E5}.Release|Any CPU.Build.0 = Release|Any CPU
		{644C29DB-FF52-4660-A51F-6F3F5F7551E5}.Release|x64.ActiveCfg = Release|Any CPU
		{644C29DB-FF52-4660-A51F-6F3F5F7551E5}.Release|x64.Build.0 = Release|Any CPU
		{644C29DB-FF52-4660-A51F-6F3F5F7551E5}.Release|x86.ActiveCfg = Release|Any CPU
		{644C29DB-FF52-4660-A51F-6F3F5F7551E5}.Release|x86.Build.0 = Release|Any CPU
		{197123E0-FFB8-4DF0-A85D-B791233A6872}.Debug|Any CPU.ActiveCfg = Debug|Any CPU
		{197123E0-FFB8-4DF0-A85D-B791233A6872}.Debug|Any CPU.Build.0 = Debug|Any CPU
		{197123E0-FFB8-4DF0-A85D-B791233A6872}.Debug|x64.ActiveCfg = Debug|Any CPU
		{197123E0-FFB8-4DF0-A85D-B791233A6872}.Debug|x64.Build.0 = Debug|Any CPU
		{197123E0-FFB8-4DF0-A85D-B791233A6872}.Debug|x86.ActiveCfg = Debug|Any CPU
		{197123E0-FFB8-4DF0-A85D-B791233A6872}.Debug|x86.Build.0 = Debug|Any CPU
		{197123E0-FFB8-4DF0-A85D-B791233A6872}.Release|Any CPU.ActiveCfg = Release|Any CPU
		{197123E0-FFB8-4DF0-A85D-B791233A6872}.Release|Any CPU.Build.0 = Release|Any CPU
		{197123E0-FFB8-4DF0-A85D-B791233A6872}.Release|x64.ActiveCfg = Release|Any CPU
		{197123E0-FFB8-4DF0-A85D-B791233A6872}.Release|x64.Build.0 = Release|Any CPU
		{197123E0-FFB8-4DF0-A85D-B791233A6872}.Release|x86.ActiveCfg = Release|Any CPU
		{197123E0-FFB8-4DF0-A85D-B791233A6872}.Release|x86.Build.0 = Release|Any CPU
		{4D30AFF7-79A7-4B6C-B1AE-192AB19FF366}.Debug|Any CPU.ActiveCfg = Debug|Any CPU
		{4D30AFF7-79A7-4B6C-B1AE-192AB19FF366}.Debug|Any CPU.Build.0 = Debug|Any CPU
		{4D30AFF7-79A7-4B6C-B1AE-192AB19FF366}.Debug|x64.ActiveCfg = Debug|Any CPU
		{4D30AFF7-79A7-4B6C-B1AE-192AB19FF366}.Debug|x64.Build.0 = Debug|Any CPU
		{4D30AFF7-79A7-4B6C-B1AE-192AB19FF366}.Debug|x86.ActiveCfg = Debug|Any CPU
		{4D30AFF7-79A7-4B6C-B1AE-192AB19FF366}.Debug|x86.Build.0 = Debug|Any CPU
		{4D30AFF7-79A7-4B6C-B1AE-192AB19FF366}.Release|Any CPU.ActiveCfg = Release|Any CPU
		{4D30AFF7-79A7-4B6C-B1AE-192AB19FF366}.Release|Any CPU.Build.0 = Release|Any CPU
		{4D30AFF7-79A7-4B6C-B1AE-192AB19FF366}.Release|x64.ActiveCfg = Release|Any CPU
		{4D30AFF7-79A7-4B6C-B1AE-192AB19FF366}.Release|x64.Build.0 = Release|Any CPU
		{4D30AFF7-79A7-4B6C-B1AE-192AB19FF366}.Release|x86.ActiveCfg = Release|Any CPU
		{4D30AFF7-79A7-4B6C-B1AE-192AB19FF366}.Release|x86.Build.0 = Release|Any CPU
		{2955ABE2-A3B6-4365-BDD4-3E066F9C8C22}.Debug|Any CPU.ActiveCfg = Debug|Any CPU
		{2955ABE2-A3B6-4365-BDD4-3E066F9C8C22}.Debug|Any CPU.Build.0 = Debug|Any CPU
		{2955ABE2-A3B6-4365-BDD4-3E066F9C8C22}.Debug|x64.ActiveCfg = Debug|Any CPU
		{2955ABE2-A3B6-4365-BDD4-3E066F9C8C22}.Debug|x64.Build.0 = Debug|Any CPU
		{2955ABE2-A3B6-4365-BDD4-3E066F9C8C22}.Debug|x86.ActiveCfg = Debug|Any CPU
		{2955ABE2-A3B6-4365-BDD4-3E066F9C8C22}.Debug|x86.Build.0 = Debug|Any CPU
		{2955ABE2-A3B6-4365-BDD4-3E066F9C8C22}.Release|Any CPU.ActiveCfg = Release|Any CPU
		{2955ABE2-A3B6-4365-BDD4-3E066F9C8C22}.Release|Any CPU.Build.0 = Release|Any CPU
		{2955ABE2-A3B6-4365-BDD4-3E066F9C8C22}.Release|x64.ActiveCfg = Release|Any CPU
		{2955ABE2-A3B6-4365-BDD4-3E066F9C8C22}.Release|x64.Build.0 = Release|Any CPU
		{2955ABE2-A3B6-4365-BDD4-3E066F9C8C22}.Release|x86.ActiveCfg = Release|Any CPU
		{2955ABE2-A3B6-4365-BDD4-3E066F9C8C22}.Release|x86.Build.0 = Release|Any CPU
	EndGlobalSection
	GlobalSection(SolutionProperties) = preSolution
		HideSolutionNode = FALSE
	EndGlobalSection
EndGlobal
